PODS:
  - DPMeterView (0.0.1)
  - InAppSettingsKit (1.1)
  - iRate (1.7.5)
  - NMRangeSlider (1.0.1)

DEPENDENCIES:
  - DPMeterView (from `./Pods`)
  - InAppSettingsKit (~> 1.1)
  - iRate (~> 1.7.5)
  - NMRangeSlider (~> 1.0.1)

EXTERNAL SOURCES:
  DPMeterView:
    :local: ./Pods

SPEC CHECKSUMS:
  DPMeterView: 0cfa41936a00d60938cdfd8a298ce399bc1bbd53
  InAppSettingsKit: 1f44683e18b2aaf93639de029eeebae9475bb8f0
  iRate: bdeeff6fcc0251c13492f9aa6b96b01ab5c52c3c
  NMRangeSlider: a1265e94670bf5b21e567d04234e143e9f67a9e1

COCOAPODS: 0.33.1
